<?xml version="1.0" encoding="utf-8"?>
<Project ToolsVersion="4.0" xmlns="http://schemas.microsoft.com/developer/msbuild/2003">
  <ItemGroup>
    <Filter Include="Source Files">
      <UniqueIdentifier>{4FC737F1-C7A5-4376-A066-2A32D752A2FF}</UniqueIdentifier>
      <Extensions>cpp;c;cc;cxx;c++;cppm;ixx;def;odl;idl;hpj;bat;asm;asmx</Extensions>
    </Filter>
    <Filter Include="Header Files">
      <UniqueIdentifier>{93995380-89BD-4b04-88EB-625FBE52EBFB}</UniqueIdentifier>
      <Extensions>h;hh;hpp;hxx;h++;hm;inl;inc;ipp;xsd</Extensions>
    </Filter>
    <Filter Include="Resource Files">
      <UniqueIdentifier>{67DA6AB6-F800-4c08-8B7A-83BB121AAD01}</UniqueIdentifier>
      <Extensions>rc;ico;cur;bmp;dlg;rc2;rct;bin;rgs;gif;jpg;jpeg;jpe;resx;tiff;tif;png;wav;mfcribbon-ms</Extensions>
    </Filter>
    <Filter Include="Header Files\instrs">
      <UniqueIdentifier>{b16ce717-1fb8-4c17-8840-8cc1c061f21e}</UniqueIdentifier>
    </Filter>
    <Filter Include="Source Files\instrs">
      <UniqueIdentifier>{c2b4285b-7ad9-4111-a27e-43ebb457bcd0}</UniqueIdentifier>
    </Filter>
    <Filter Include="Resource Files\tests">
      <UniqueIdentifier>{b237e23b-d023-47c5-94ef-3fe197c28d8c}</UniqueIdentifier>
    </Filter>
  </ItemGroup>
  <ItemGroup>
    <ClCompile Include="main.c">
      <Filter>Source Files</Filter>
    </ClCompile>
    <ClCompile Include="emulator.c">
      <Filter>Source Files</Filter>
    </ClCompile>
    <ClCompile Include="cpu.c">
      <Filter>Source Files</Filter>
    </ClCompile>
    <ClCompile Include="handle_files.c">
      <Filter>Source Files</Filter>
    </ClCompile>
    <ClCompile Include="memory.c">
      <Filter>Source Files</Filter>
    </ClCompile>
    <ClCompile Include="instructions.c">
      <Filter>Source Files</Filter>
    </ClCompile>
    <ClCompile Include="cpu_instr_dec.h">
      <Filter>Header Files</Filter>
    </ClCompile>
    <ClCompile Include="load_instr.c">
      <Filter>Source Files\instrs</Filter>
    </ClCompile>
    <ClCompile Include="arithmetic.c">
      <Filter>Source Files\instrs</Filter>
    </ClCompile>
    <ClCompile Include="con_trans_instr.c">
      <Filter>Source Files\instrs</Filter>
    </ClCompile>
    <ClCompile Include="cb_instr.c">
      <Filter>Source Files\instrs</Filter>
    </ClCompile>
  </ItemGroup>
  <ItemGroup>
    <ClInclude Include="emulator.h">
      <Filter>Header Files</Filter>
    </ClInclude>
    <ClInclude Include="cpu.h">
      <Filter>Header Files</Filter>
    </ClInclude>
    <ClInclude Include="handle_files.h">
      <Filter>Header Files</Filter>
    </ClInclude>
    <ClInclude Include="types.h">
      <Filter>Header Files</Filter>
    </ClInclude>
    <ClInclude Include="memory.h">
      <Filter>Header Files</Filter>
    </ClInclude>
    <ClInclude Include="instructions.h">
      <Filter>Header Files</Filter>
    </ClInclude>
    <ClInclude Include="load_instr.h">
      <Filter>Header Files\instrs</Filter>
    </ClInclude>
    <ClInclude Include="arithmetic.h">
      <Filter>Header Files\instrs</Filter>
    </ClInclude>
    <ClInclude Include="con_trans_instr.h">
      <Filter>Header Files\instrs</Filter>
    </ClInclude>
    <ClInclude Include="cb_instr.h">
      <Filter>Header Files\instrs</Filter>
    </ClInclude>
  </ItemGroup>
  <ItemGroup>
    <None Include="tetris.gb">
      <Filter>Resource Files</Filter>
    </None>
    <None Include="test.gb">
      <Filter>Resource Files</Filter>
    </None>
    <None Include="06-blargg.gb">
      <Filter>Resource Files\tests</Filter>
    </None>
    <None Include="04-blargg.gb">
      <Filter>Resource Files\tests</Filter>
    </None>
    <None Include="05-blargg.gb">
      <Filter>Resource Files\tests</Filter>
    </None>
    <None Include="07-blargg.gb">
      <Filter>Resource Files\tests</Filter>
    </None>
  </ItemGroup>
  <ItemGroup>
    <Text Include="log.txt">
      <Filter>Resource Files</Filter>
    </Text>
  </ItemGroup>
</Project>